schema: '2.0'
stages:
  make_dataset:
    cmd: python src/data/make_dataset.py
    deps:
    - path: src/data/make_dataset.py
      md5: 37c85b870e29f68cb099b283a7d856cf
      size: 3684
    params:
      params.yaml:
        dataset_kwargs:
          n_samples: 800
          n_features: 3
          n_classes: 3
          n_labels: 2
          length: 500
          allow_unlabeled: true
          sparse: false
          test_size: 0.25
          avg_trace: 0.65
        seeds:
        - 0
        - 1
        - 2
        - 3
        - 4
        - 5
        - 6
        - 7
        - 8
        - 9
    outs:
    - path: data/generated
      md5: 2b703aa8425f77784374be76baddcdfe.dir
      size: 546630
      nfiles: 10
  train:
    cmd: python src/models/train.py
    deps:
    - path: data/generated/
      md5: 2b703aa8425f77784374be76baddcdfe.dir
      size: 546630
      nfiles: 10
    - path: src/models/train.py
      md5: 94eeb70676decaa65cc8e8a72883788e
      size: 3250
    params:
      params.yaml:
        train:
          cv_n_folds: 5
          seed: 0
    outs:
    - path: data/pred_probs/
      md5: 02eaaabf39569753e77ba17f33aaef3c.dir
      size: 145530
      nfiles: 10
  score:
    cmd: python src/evaluation/score.py
    deps:
    - path: data/pred_probs/
      md5: 02eaaabf39569753e77ba17f33aaef3c.dir
      size: 145530
      nfiles: 10
    - path: src/evaluation/
      md5: 17cb65d38a1cba1e145bd26bab68c7be.dir
      size: 19658
      nfiles: 6
    params:
      params.yaml:
        eval:
          ks:
          - 1
          - 2
          - 3
          - 4
          - 5
          - 10
          - 20
          - 50
          - 100
          temperatures:
          - 0.01
          - 0.1
          - 1
          - 10
          - 100
          alphas:
          - 0.01
          - 0.1
          - 1
          - 10
          - 100
    outs:
    - path: data/scores/results.csv
      md5: bff7d288fd6e33ade20a46250caba6e8
      size: 1593346
    - path: data/scores/results_agg.json
      md5: 01d35dede040099ec7a92883065b6ff7
      size: 7946
